
Microsoft Visual Studio Solution File, Format Version 12.00
# Visual Studio 2013
VisualStudioVersion = 12.0.31101.0
MinimumVisualStudioVersion = 10.0.40219.1
Project("{FAE04EC0-301F-11D3-BF4B-00C04F79EFBC}") = "TwoSum", "TwoSum\TwoSum.csproj", "{EAC9CD6E-94B8-4ADE-BC11-1182940CB18E}"
EndProject
Global
	GlobalSection(SolutionConfigurationPlatforms) = preSolution
		Debug|Any CPU = Debug|Any CPU
		Release|Any CPU = Release|Any CPU
	EndGlobalSection
	GlobalSection(ProjectConfigurationPlatforms) = postSolution
		{EAC9CD6E-94B8-4ADE-BC11-1182940CB18E}.Debug|Any CPU.ActiveCfg = Debug|Any CPU
		{EAC9CD6E-94B8-4ADE-BC11-1182940CB18E}.Debug|Any CPU.Build.0 = Debug|Any CPU
		{EAC9CD6E-94B8-4ADE-BC11-1182940CB18E}.Release|Any CPU.ActiveCfg = Release|Any CPU
		{EAC9CD6E-94B8-4ADE-BC11-1182940CB18E}.Release|Any CPU.Build.0 = Release|Any CPU
	EndGlobalSection
	GlobalSection(SolutionProperties) = preSolution
		HideSolutionNode = FALSE
	EndGlobalSection
EndGlobal
